<?xml version="1.0" encoding="utf-8"?>
<Project ToolsVersion="4.0" xmlns="http://schemas.microsoft.com/developer/msbuild/2003">
  <ItemGroup>
    <ClCompile Include="main.cpp" />
    <ClCompile Include="file.cpp">
      <Filter>file</Filter>
    </ClCompile>
    <ClCompile Include="pe.cpp">
      <Filter>pe</Filter>
    </ClCompile>
    <ClCompile Include="buf.cpp">
      <Filter>buf</Filter>
    </ClCompile>
    <ClCompile Include="Packer.cpp">
      <Filter>Pack</Filter>
    </ClCompile>
  </ItemGroup>
  <ItemGroup>
    <ClInclude Include="file.h">
      <Filter>file</Filter>
    </ClInclude>
    <ClInclude Include="pe.h">
      <Filter>pe</Filter>
    </ClInclude>
    <ClInclude Include="buf.h">
      <Filter>buf</Filter>
    </ClInclude>
    <ClInclude Include="Packer.h">
      <Filter>Pack</Filter>
    </ClInclude>
    <ClInclude Include="Public\StubInfo_Public.h" />
  </ItemGroup>
  <ItemGroup>
    <Filter Include="file">
      <UniqueIdentifier>{73dd9225-0a5d-4935-9b94-15648beef78f}</UniqueIdentifier>
    </Filter>
    <Filter Include="pe">
      <UniqueIdentifier>{a9867171-6492-4ee2-aa25-397c9d07fbb8}</UniqueIdentifier>
    </Filter>
    <Filter Include="buf">
      <UniqueIdentifier>{c2bc43d4-41a6-4e48-a62b-431d8ff70f2e}</UniqueIdentifier>
    </Filter>
    <Filter Include="Pack">
      <UniqueIdentifier>{64c2d234-6f99-4d23-894b-d51c9085a288}</UniqueIdentifier>
    </Filter>
  </ItemGroup>
</Project>